
Microsoft Visual Studio Solution File, Format Version 12.00
# Visual Studio Version 17
VisualStudioVersion = 17.11.35327.3
MinimumVisualStudioVersion = 10.0.40219.1
Project("{FAE04EC0-301F-11D3-BF4B-00C04F79EFBC}") = "Tools", "Tools\Tools.csproj", "{EE63E35C-62F0-42DA-9805-1E634CD55DF6}"
EndProject
Project("{FAE04EC0-301F-11D3-BF4B-00C04F79EFBC}") = "GraphTextMix", "GraphTextMix\GraphTextMix.csproj", "{6CE5F1AF-B5FC-42F5-AC47-C0E6347A6994}"
EndProject
Global
	GlobalSection(SolutionConfigurationPlatforms) = preSolution
		Debug|Any CPU = Debug|Any CPU
		Release|Any CPU = Release|Any CPU
	EndGlobalSection
	GlobalSection(ProjectConfigurationPlatforms) = postSolution
		{EE63E35C-62F0-42DA-9805-1E634CD55DF6}.Debug|Any CPU.ActiveCfg = Debug|Any CPU
		{EE63E35C-62F0-42DA-9805-1E634CD55DF6}.Debug|Any CPU.Build.0 = Debug|Any CPU
		{EE63E35C-62F0-42DA-9805-1E634CD55DF6}.Release|Any CPU.ActiveCfg = Release|Any CPU
		{EE63E35C-62F0-42DA-9805-1E634CD55DF6}.Release|Any CPU.Build.0 = Release|Any CPU
		{6CE5F1AF-B5FC-42F5-AC47-C0E6347A6994}.Debug|Any CPU.ActiveCfg = Debug|Any CPU
		{6CE5F1AF-B5FC-42F5-AC47-C0E6347A6994}.Debug|Any CPU.Build.0 = Debug|Any CPU
		{6CE5F1AF-B5FC-42F5-AC47-C0E6347A6994}.Release|Any CPU.ActiveCfg = Release|Any CPU
		{6CE5F1AF-B5FC-42F5-AC47-C0E6347A6994}.Release|Any CPU.Build.0 = Release|Any CPU
	EndGlobalSection
	GlobalSection(SolutionProperties) = preSolution
		HideSolutionNode = FALSE
	EndGlobalSection
	GlobalSection(ExtensibilityGlobals) = postSolution
		SolutionGuid = {6F915FB4-723A-4DB0-B276-15E634450984}
	EndGlobalSection
EndGlobal
